
Microsoft Visual Studio Solution File, Format Version 12.00
# Visual Studio Version 16
VisualStudioVersion = 16.0.810.9
MinimumVisualStudioVersion = 10.0.40219.1
Project("{FAE04EC0-301F-11D3-BF4B-00C04F79EFBC}") = "Register.Android", "Register.Android\Register.Android.csproj", "{9BF38A20-296D-457E-8112-394F11BBD59A}"
EndProject
Project("{FAE04EC0-301F-11D3-BF4B-00C04F79EFBC}") = "Register", "Register\Register.csproj", "{EF2EACFF-E437-4F0D-81F4-A968A7F6E9D2}"
EndProject
Global
	GlobalSection(SolutionConfigurationPlatforms) = preSolution
		Debug|Any CPU = Debug|Any CPU
		Release|Any CPU = Release|Any CPU
	EndGlobalSection
	GlobalSection(ProjectConfigurationPlatforms) = postSolution
		{9BF38A20-296D-457E-8112-394F11BBD59A}.Debug|Any CPU.ActiveCfg = Debug|Any CPU
		{9BF38A20-296D-457E-8112-394F11BBD59A}.Debug|Any CPU.Build.0 = Debug|Any CPU
		{9BF38A20-296D-457E-8112-394F11BBD59A}.Release|Any CPU.ActiveCfg = Release|Any CPU
		{9BF38A20-296D-457E-8112-394F11BBD59A}.Release|Any CPU.Build.0 = Release|Any CPU
		{EF2EACFF-E437-4F0D-81F4-A968A7F6E9D2}.Debug|Any CPU.ActiveCfg = Debug|Any CPU
		{EF2EACFF-E437-4F0D-81F4-A968A7F6E9D2}.Debug|Any CPU.Build.0 = Debug|Any CPU
		{EF2EACFF-E437-4F0D-81F4-A968A7F6E9D2}.Release|Any CPU.ActiveCfg = Release|Any CPU
		{EF2EACFF-E437-4F0D-81F4-A968A7F6E9D2}.Release|Any CPU.Build.0 = Release|Any CPU
	EndGlobalSection
	GlobalSection(SolutionProperties) = preSolution
		HideSolutionNode = FALSE
	EndGlobalSection
	GlobalSection(ExtensibilityGlobals) = postSolution
		SolutionGuid = {F922F0C9-EEA4-4B0F-B7C1-1300E6C58E46}
	EndGlobalSection
EndGlobal
